
Microsoft Visual Studio Solution File, Format Version 12.00
# Visual Studio Version 17
VisualStudioVersion = 17.0.31903.59
MinimumVisualStudioVersion = 10.0.40219.1
Project("{FAE04EC0-301F-11D3-BF4B-00C04F79EFBC}") = "AoC.Console", "..\AoC.Console\AoC.Console.csproj", "{75A977EC-D0D3-41C9-A11E-394AF9DFAE6A}"
EndProject
Project("{FAE04EC0-301F-11D3-BF4B-00C04F79EFBC}") = "aoc2023.day01", "aoc2023.day01\aoc2023.day01.csproj", "{B76F5C56-975E-4BE6-BB77-5F8B47A2522B}"
EndProject
Project("{FAE04EC0-301F-11D3-BF4B-00C04F79EFBC}") = "aoc2023.day01.tests", "aoc2023.day01.tests\aoc2023.day01.tests.csproj", "{2972C96D-F56A-4097-AFF9-F6B640C991CD}"
EndProject
Project("{FAE04EC0-301F-11D3-BF4B-00C04F79EFBC}") = "aoc2023.day02", "aoc2023.day02\aoc2023.day02.csproj", "{4F06BC57-9AAC-43A4-A8B1-290DE276BFD1}"
EndProject
Project("{FAE04EC0-301F-11D3-BF4B-00C04F79EFBC}") = "aoc2023.day02.tests", "aoc2023.day02.tests\aoc2023.day02.tests.csproj", "{3AB77B7B-EFFD-420E-A57B-267E696C32CA}"
EndProject
Project("{FAE04EC0-301F-11D3-BF4B-00C04F79EFBC}") = "aoc2023.day03", "aoc2023.day03\aoc2023.day03.csproj", "{FC70BC0D-3D31-4D46-9EFB-2A3D0A2F495E}"
EndProject
Project("{FAE04EC0-301F-11D3-BF4B-00C04F79EFBC}") = "aoc2023.day03.tests", "aoc2023.day03.tests\aoc2023.day03.tests.csproj", "{0E7ADA2C-7035-45C1-8E89-8232C5EAAF3B}"
EndProject
Project("{FAE04EC0-301F-11D3-BF4B-00C04F79EFBC}") = "aoc2023.day04", "aoc2023.day04\aoc2023.day04.csproj", "{A3221750-ADE5-4D91-964B-5A325E0B25DD}"
EndProject
Project("{FAE04EC0-301F-11D3-BF4B-00C04F79EFBC}") = "aoc2023.day04.tests", "aoc2023.day04.tests\aoc2023.day04.tests.csproj", "{28C1617E-6839-4798-B86E-7E4060CD8765}"
EndProject
Project("{FAE04EC0-301F-11D3-BF4B-00C04F79EFBC}") = "aoc2023.day05", "aoc2023.day05\aoc2023.day05.csproj", "{CF8D5AB3-28A9-4261-9EC6-E89D6C1E9AE4}"
EndProject
Project("{FAE04EC0-301F-11D3-BF4B-00C04F79EFBC}") = "aoc2023.day05.tests", "aoc2023.day05.tests\aoc2023.day05.tests.csproj", "{AB7F7A28-88D1-46E2-AE10-5F82F37D943D}"
EndProject
Project("{FAE04EC0-301F-11D3-BF4B-00C04F79EFBC}") = "aoc2023.day06", "aoc2023.day06\aoc2023.day06.csproj", "{8037AF06-2D28-4285-A4F5-F339E312D138}"
EndProject
Project("{FAE04EC0-301F-11D3-BF4B-00C04F79EFBC}") = "aoc2023.day06.tests", "aoc2023.day06.tests\aoc2023.day06.tests.csproj", "{C2F914F9-6F47-43A0-A235-447A0AFD59C9}"
EndProject
Project("{FAE04EC0-301F-11D3-BF4B-00C04F79EFBC}") = "aoc2023.day07", "aoc2023.day07\aoc2023.day07.csproj", "{4AED9AC4-1CB2-4C69-B29D-3C866959F8A8}"
EndProject
Project("{FAE04EC0-301F-11D3-BF4B-00C04F79EFBC}") = "aoc2023.day07.tests", "aoc2023.day07.tests\aoc2023.day07.tests.csproj", "{A624A604-3920-4101-B6FC-86C01FBC1F89}"
EndProject
Project("{FAE04EC0-301F-11D3-BF4B-00C04F79EFBC}") = "aoc2023.day08", "aoc2023.day08\aoc2023.day08.csproj", "{EAE5C05A-3E85-4057-A09D-8A51A2189CEF}"
EndProject
Project("{FAE04EC0-301F-11D3-BF4B-00C04F79EFBC}") = "aoc2023.day08.tests", "aoc2023.day08.tests\aoc2023.day08.tests.csproj", "{40D12E41-5F14-43D5-A602-4CD9D0F017D3}"
EndProject
Project("{FAE04EC0-301F-11D3-BF4B-00C04F79EFBC}") = "aoc2023.day09", "aoc2023.day09\aoc2023.day09.csproj", "{52EC7D24-D563-4B9B-A949-044788584198}"
EndProject
Project("{FAE04EC0-301F-11D3-BF4B-00C04F79EFBC}") = "aoc2023.day09.tests", "aoc2023.day09.tests\aoc2023.day09.tests.csproj", "{F65E36F4-A4E1-48C4-AD97-1BE734343DCE}"
EndProject
Project("{FAE04EC0-301F-11D3-BF4B-00C04F79EFBC}") = "aoc2023.day10", "aoc2023.day10\aoc2023.day10.csproj", "{EC5C37D2-A549-4DD4-BA8E-F7A72ABFA20D}"
EndProject
Project("{FAE04EC0-301F-11D3-BF4B-00C04F79EFBC}") = "aoc2023.day10.tests", "aoc2023.day10.tests\aoc2023.day10.tests.csproj", "{2211DD23-2DCE-419C-B514-4F3BAC62F164}"
EndProject
Project("{FAE04EC0-301F-11D3-BF4B-00C04F79EFBC}") = "aoc2023.day11", "aoc2023.day11\aoc2023.day11.csproj", "{903275E3-BE32-4E12-BC97-D2D849D3CF2A}"
EndProject
Project("{FAE04EC0-301F-11D3-BF4B-00C04F79EFBC}") = "aoc2023.day11.tests", "aoc2023.day11.tests\aoc2023.day11.tests.csproj", "{FA20F0C4-5E9C-4954-B5C7-A416D02C966D}"
EndProject
Project("{FAE04EC0-301F-11D3-BF4B-00C04F79EFBC}") = "aoc2023.day12", "aoc2023.day12\aoc2023.day12.csproj", "{B9B30726-5C97-4A3E-9195-A9A9235E2D11}"
EndProject
Project("{FAE04EC0-301F-11D3-BF4B-00C04F79EFBC}") = "aoc2023.day12.tests", "aoc2023.day12.tests\aoc2023.day12.tests.csproj", "{16C747BC-39BB-42DC-A162-5650640EF320}"
EndProject
Project("{FAE04EC0-301F-11D3-BF4B-00C04F79EFBC}") = "aoc2023.day13", "aoc2023.day13\aoc2023.day13.csproj", "{C0F94807-1156-43BE-8CF0-0391212E62D9}"
EndProject
Project("{FAE04EC0-301F-11D3-BF4B-00C04F79EFBC}") = "aoc2023.day13.tests", "aoc2023.day13.tests\aoc2023.day13.tests.csproj", "{FF82A780-9BD7-4D48-9F5D-9B8294F44D39}"
EndProject
Global
	GlobalSection(SolutionConfigurationPlatforms) = preSolution
		Debug|Any CPU = Debug|Any CPU
		Release|Any CPU = Release|Any CPU
	EndGlobalSection
	GlobalSection(SolutionProperties) = preSolution
		HideSolutionNode = FALSE
	EndGlobalSection
	GlobalSection(ProjectConfigurationPlatforms) = postSolution
		{75A977EC-D0D3-41C9-A11E-394AF9DFAE6A}.Debug|Any CPU.ActiveCfg = Debug|Any CPU
		{75A977EC-D0D3-41C9-A11E-394AF9DFAE6A}.Debug|Any CPU.Build.0 = Debug|Any CPU
		{75A977EC-D0D3-41C9-A11E-394AF9DFAE6A}.Release|Any CPU.ActiveCfg = Release|Any CPU
		{75A977EC-D0D3-41C9-A11E-394AF9DFAE6A}.Release|Any CPU.Build.0 = Release|Any CPU
		{B76F5C56-975E-4BE6-BB77-5F8B47A2522B}.Debug|Any CPU.ActiveCfg = Debug|Any CPU
		{B76F5C56-975E-4BE6-BB77-5F8B47A2522B}.Debug|Any CPU.Build.0 = Debug|Any CPU
		{B76F5C56-975E-4BE6-BB77-5F8B47A2522B}.Release|Any CPU.ActiveCfg = Release|Any CPU
		{B76F5C56-975E-4BE6-BB77-5F8B47A2522B}.Release|Any CPU.Build.0 = Release|Any CPU
		{2972C96D-F56A-4097-AFF9-F6B640C991CD}.Debug|Any CPU.ActiveCfg = Debug|Any CPU
		{2972C96D-F56A-4097-AFF9-F6B640C991CD}.Debug|Any CPU.Build.0 = Debug|Any CPU
		{2972C96D-F56A-4097-AFF9-F6B640C991CD}.Release|Any CPU.ActiveCfg = Release|Any CPU
		{2972C96D-F56A-4097-AFF9-F6B640C991CD}.Release|Any CPU.Build.0 = Release|Any CPU
		{4F06BC57-9AAC-43A4-A8B1-290DE276BFD1}.Debug|Any CPU.ActiveCfg = Debug|Any CPU
		{4F06BC57-9AAC-43A4-A8B1-290DE276BFD1}.Debug|Any CPU.Build.0 = Debug|Any CPU
		{4F06BC57-9AAC-43A4-A8B1-290DE276BFD1}.Release|Any CPU.ActiveCfg = Release|Any CPU
		{4F06BC57-9AAC-43A4-A8B1-290DE276BFD1}.Release|Any CPU.Build.0 = Release|Any CPU
		{3AB77B7B-EFFD-420E-A57B-267E696C32CA}.Debug|Any CPU.ActiveCfg = Debug|Any CPU
		{3AB77B7B-EFFD-420E-A57B-267E696C32CA}.Debug|Any CPU.Build.0 = Debug|Any CPU
		{3AB77B7B-EFFD-420E-A57B-267E696C32CA}.Release|Any CPU.ActiveCfg = Release|Any CPU
		{3AB77B7B-EFFD-420E-A57B-267E696C32CA}.Release|Any CPU.Build.0 = Release|Any CPU
		{FC70BC0D-3D31-4D46-9EFB-2A3D0A2F495E}.Debug|Any CPU.ActiveCfg = Debug|Any CPU
		{FC70BC0D-3D31-4D46-9EFB-2A3D0A2F495E}.Debug|Any CPU.Build.0 = Debug|Any CPU
		{FC70BC0D-3D31-4D46-9EFB-2A3D0A2F495E}.Release|Any CPU.ActiveCfg = Release|Any CPU
		{FC70BC0D-3D31-4D46-9EFB-2A3D0A2F495E}.Release|Any CPU.Build.0 = Release|Any CPU
		{0E7ADA2C-7035-45C1-8E89-8232C5EAAF3B}.Debug|Any CPU.ActiveCfg = Debug|Any CPU
		{0E7ADA2C-7035-45C1-8E89-8232C5EAAF3B}.Debug|Any CPU.Build.0 = Debug|Any CPU
		{0E7ADA2C-7035-45C1-8E89-8232C5EAAF3B}.Release|Any CPU.ActiveCfg = Release|Any CPU
		{0E7ADA2C-7035-45C1-8E89-8232C5EAAF3B}.Release|Any CPU.Build.0 = Release|Any CPU
		{A3221750-ADE5-4D91-964B-5A325E0B25DD}.Debug|Any CPU.ActiveCfg = Debug|Any CPU
		{A3221750-ADE5-4D91-964B-5A325E0B25DD}.Debug|Any CPU.Build.0 = Debug|Any CPU
		{A3221750-ADE5-4D91-964B-5A325E0B25DD}.Release|Any CPU.ActiveCfg = Release|Any CPU
		{A3221750-ADE5-4D91-964B-5A325E0B25DD}.Release|Any CPU.Build.0 = Release|Any CPU
		{28C1617E-6839-4798-B86E-7E4060CD8765}.Debug|Any CPU.ActiveCfg = Debug|Any CPU
		{28C1617E-6839-4798-B86E-7E4060CD8765}.Debug|Any CPU.Build.0 = Debug|Any CPU
		{28C1617E-6839-4798-B86E-7E4060CD8765}.Release|Any CPU.ActiveCfg = Release|Any CPU
		{28C1617E-6839-4798-B86E-7E4060CD8765}.Release|Any CPU.Build.0 = Release|Any CPU
		{CF8D5AB3-28A9-4261-9EC6-E89D6C1E9AE4}.Debug|Any CPU.ActiveCfg = Debug|Any CPU
		{CF8D5AB3-28A9-4261-9EC6-E89D6C1E9AE4}.Debug|Any CPU.Build.0 = Debug|Any CPU
		{CF8D5AB3-28A9-4261-9EC6-E89D6C1E9AE4}.Release|Any CPU.ActiveCfg = Release|Any CPU
		{CF8D5AB3-28A9-4261-9EC6-E89D6C1E9AE4}.Release|Any CPU.Build.0 = Release|Any CPU
		{AB7F7A28-88D1-46E2-AE10-5F82F37D943D}.Debug|Any CPU.ActiveCfg = Debug|Any CPU
		{AB7F7A28-88D1-46E2-AE10-5F82F37D943D}.Debug|Any CPU.Build.0 = Debug|Any CPU
		{AB7F7A28-88D1-46E2-AE10-5F82F37D943D}.Release|Any CPU.ActiveCfg = Release|Any CPU
		{AB7F7A28-88D1-46E2-AE10-5F82F37D943D}.Release|Any CPU.Build.0 = Release|Any CPU
		{8037AF06-2D28-4285-A4F5-F339E312D138}.Debug|Any CPU.ActiveCfg = Debug|Any CPU
		{8037AF06-2D28-4285-A4F5-F339E312D138}.Debug|Any CPU.Build.0 = Debug|Any CPU
		{8037AF06-2D28-4285-A4F5-F339E312D138}.Release|Any CPU.ActiveCfg = Release|Any CPU
		{8037AF06-2D28-4285-A4F5-F339E312D138}.Release|Any CPU.Build.0 = Release|Any CPU
		{C2F914F9-6F47-43A0-A235-447A0AFD59C9}.Debug|Any CPU.ActiveCfg = Debug|Any CPU
		{C2F914F9-6F47-43A0-A235-447A0AFD59C9}.Debug|Any CPU.Build.0 = Debug|Any CPU
		{C2F914F9-6F47-43A0-A235-447A0AFD59C9}.Release|Any CPU.ActiveCfg = Release|Any CPU
		{C2F914F9-6F47-43A0-A235-447A0AFD59C9}.Release|Any CPU.Build.0 = Release|Any CPU
		{4AED9AC4-1CB2-4C69-B29D-3C866959F8A8}.Debug|Any CPU.ActiveCfg = Debug|Any CPU
		{4AED9AC4-1CB2-4C69-B29D-3C866959F8A8}.Debug|Any CPU.Build.0 = Debug|Any CPU
		{4AED9AC4-1CB2-4C69-B29D-3C866959F8A8}.Release|Any CPU.ActiveCfg = Release|Any CPU
		{4AED9AC4-1CB2-4C69-B29D-3C866959F8A8}.Release|Any CPU.Build.0 = Release|Any CPU
		{A624A604-3920-4101-B6FC-86C01FBC1F89}.Debug|Any CPU.ActiveCfg = Debug|Any CPU
		{A624A604-3920-4101-B6FC-86C01FBC1F89}.Debug|Any CPU.Build.0 = Debug|Any CPU
		{A624A604-3920-4101-B6FC-86C01FBC1F89}.Release|Any CPU.ActiveCfg = Release|Any CPU
		{A624A604-3920-4101-B6FC-86C01FBC1F89}.Release|Any CPU.Build.0 = Release|Any CPU
		{EAE5C05A-3E85-4057-A09D-8A51A2189CEF}.Debug|Any CPU.ActiveCfg = Debug|Any CPU
		{EAE5C05A-3E85-4057-A09D-8A51A2189CEF}.Debug|Any CPU.Build.0 = Debug|Any CPU
		{EAE5C05A-3E85-4057-A09D-8A51A2189CEF}.Release|Any CPU.ActiveCfg = Release|Any CPU
		{EAE5C05A-3E85-4057-A09D-8A51A2189CEF}.Release|Any CPU.Build.0 = Release|Any CPU
		{40D12E41-5F14-43D5-A602-4CD9D0F017D3}.Debug|Any CPU.ActiveCfg = Debug|Any CPU
		{40D12E41-5F14-43D5-A602-4CD9D0F017D3}.Debug|Any CPU.Build.0 = Debug|Any CPU
		{40D12E41-5F14-43D5-A602-4CD9D0F017D3}.Release|Any CPU.ActiveCfg = Release|Any CPU
		{40D12E41-5F14-43D5-A602-4CD9D0F017D3}.Release|Any CPU.Build.0 = Release|Any CPU
		{52EC7D24-D563-4B9B-A949-044788584198}.Debug|Any CPU.ActiveCfg = Debug|Any CPU
		{52EC7D24-D563-4B9B-A949-044788584198}.Debug|Any CPU.Build.0 = Debug|Any CPU
		{52EC7D24-D563-4B9B-A949-044788584198}.Release|Any CPU.ActiveCfg = Release|Any CPU
		{52EC7D24-D563-4B9B-A949-044788584198}.Release|Any CPU.Build.0 = Release|Any CPU
		{F65E36F4-A4E1-48C4-AD97-1BE734343DCE}.Debug|Any CPU.ActiveCfg = Debug|Any CPU
		{F65E36F4-A4E1-48C4-AD97-1BE734343DCE}.Debug|Any CPU.Build.0 = Debug|Any CPU
		{F65E36F4-A4E1-48C4-AD97-1BE734343DCE}.Release|Any CPU.ActiveCfg = Release|Any CPU
		{F65E36F4-A4E1-48C4-AD97-1BE734343DCE}.Release|Any CPU.Build.0 = Release|Any CPU
		{EC5C37D2-A549-4DD4-BA8E-F7A72ABFA20D}.Debug|Any CPU.ActiveCfg = Debug|Any CPU
		{EC5C37D2-A549-4DD4-BA8E-F7A72ABFA20D}.Debug|Any CPU.Build.0 = Debug|Any CPU
		{EC5C37D2-A549-4DD4-BA8E-F7A72ABFA20D}.Release|Any CPU.ActiveCfg = Release|Any CPU
		{EC5C37D2-A549-4DD4-BA8E-F7A72ABFA20D}.Release|Any CPU.Build.0 = Release|Any CPU
		{2211DD23-2DCE-419C-B514-4F3BAC62F164}.Debug|Any CPU.ActiveCfg = Debug|Any CPU
		{2211DD23-2DCE-419C-B514-4F3BAC62F164}.Debug|Any CPU.Build.0 = Debug|Any CPU
		{2211DD23-2DCE-419C-B514-4F3BAC62F164}.Release|Any CPU.ActiveCfg = Release|Any CPU
		{2211DD23-2DCE-419C-B514-4F3BAC62F164}.Release|Any CPU.Build.0 = Release|Any CPU
		{903275E3-BE32-4E12-BC97-D2D849D3CF2A}.Debug|Any CPU.ActiveCfg = Debug|Any CPU
		{903275E3-BE32-4E12-BC97-D2D849D3CF2A}.Debug|Any CPU.Build.0 = Debug|Any CPU
		{903275E3-BE32-4E12-BC97-D2D849D3CF2A}.Release|Any CPU.ActiveCfg = Release|Any CPU
		{903275E3-BE32-4E12-BC97-D2D849D3CF2A}.Release|Any CPU.Build.0 = Release|Any CPU
		{FA20F0C4-5E9C-4954-B5C7-A416D02C966D}.Debug|Any CPU.ActiveCfg = Debug|Any CPU
		{FA20F0C4-5E9C-4954-B5C7-A416D02C966D}.Debug|Any CPU.Build.0 = Debug|Any CPU
		{FA20F0C4-5E9C-4954-B5C7-A416D02C966D}.Release|Any CPU.ActiveCfg = Release|Any CPU
		{FA20F0C4-5E9C-4954-B5C7-A416D02C966D}.Release|Any CPU.Build.0 = Release|Any CPU
		{B9B30726-5C97-4A3E-9195-A9A9235E2D11}.Debug|Any CPU.ActiveCfg = Debug|Any CPU
		{B9B30726-5C97-4A3E-9195-A9A9235E2D11}.Debug|Any CPU.Build.0 = Debug|Any CPU
		{B9B30726-5C97-4A3E-9195-A9A9235E2D11}.Release|Any CPU.ActiveCfg = Release|Any CPU
		{B9B30726-5C97-4A3E-9195-A9A9235E2D11}.Release|Any CPU.Build.0 = Release|Any CPU
		{16C747BC-39BB-42DC-A162-5650640EF320}.Debug|Any CPU.ActiveCfg = Debug|Any CPU
		{16C747BC-39BB-42DC-A162-5650640EF320}.Debug|Any CPU.Build.0 = Debug|Any CPU
		{16C747BC-39BB-42DC-A162-5650640EF320}.Release|Any CPU.ActiveCfg = Release|Any CPU
		{16C747BC-39BB-42DC-A162-5650640EF320}.Release|Any CPU.Build.0 = Release|Any CPU
		{C0F94807-1156-43BE-8CF0-0391212E62D9}.Debug|Any CPU.ActiveCfg = Debug|Any CPU
		{C0F94807-1156-43BE-8CF0-0391212E62D9}.Debug|Any CPU.Build.0 = Debug|Any CPU
		{C0F94807-1156-43BE-8CF0-0391212E62D9}.Release|Any CPU.ActiveCfg = Release|Any CPU
		{C0F94807-1156-43BE-8CF0-0391212E62D9}.Release|Any CPU.Build.0 = Release|Any CPU
		{FF82A780-9BD7-4D48-9F5D-9B8294F44D39}.Debug|Any CPU.ActiveCfg = Debug|Any CPU
		{FF82A780-9BD7-4D48-9F5D-9B8294F44D39}.Debug|Any CPU.Build.0 = Debug|Any CPU
		{FF82A780-9BD7-4D48-9F5D-9B8294F44D39}.Release|Any CPU.ActiveCfg = Release|Any CPU
		{FF82A780-9BD7-4D48-9F5D-9B8294F44D39}.Release|Any CPU.Build.0 = Release|Any CPU
	EndGlobalSection
EndGlobal
