
Microsoft Visual Studio Solution File, Format Version 12.00
# 
Project("{FAE04EC0-301F-11D3-BF4B-00C04F79EFBC}") = "AoC.Console", "AoC.Console\AoC.Console.csproj", "{6C3107C2-94F8-4E18-A1B4-5D7FFA009DE6}"
EndProject
Project("{FAE04EC0-301F-11D3-BF4B-00C04F79EFBC}") = "AoC.Day01", "2021\AoC.Day01\AoC.Day01.csproj", "{1BABBFA8-5739-42D0-BB9C-945D53FCC1E7}"
EndProject
Project("{FAE04EC0-301F-11D3-BF4B-00C04F79EFBC}") = "AoC.Day01.Tests", "2021\AoC.Day01.Tests\AoC.Day01.Tests.csproj", "{EDF12C3C-C864-4224-835F-5219044DBC3E}"
EndProject
Project("{FAE04EC0-301F-11D3-BF4B-00C04F79EFBC}") = "AoC.Day02", "2021\AoC.Day02\AoC.Day02.csproj", "{53E760B7-8225-4EAE-AAA4-75E119A1D835}"
EndProject
Project("{FAE04EC0-301F-11D3-BF4B-00C04F79EFBC}") = "AoC.Day02.Tests", "2021\AoC.Day02.Tests\AoC.Day02.Tests.csproj", "{D8ECCC8A-3659-40C7-A598-E976D158FB39}"
EndProject
Project("{FAE04EC0-301F-11D3-BF4B-00C04F79EFBC}") = "AoC.Day03", "2021\AoC.Day03\AoC.Day03.csproj", "{149B7048-3374-459D-94DB-104DABEC2485}"
EndProject
Project("{FAE04EC0-301F-11D3-BF4B-00C04F79EFBC}") = "AoC.Day03.Tests", "2021\AoC.Day03.Tests\AoC.Day03.Tests.csproj", "{5085B159-27B8-4100-BB42-E0C167B2B487}"
EndProject
Project("{FAE04EC0-301F-11D3-BF4B-00C04F79EFBC}") = "aoc.day04", "2021\AoC.Day04\aoc.day04.csproj", "{1F142E5C-CC93-47FA-BC35-E56AE98D5746}"
EndProject
Project("{FAE04EC0-301F-11D3-BF4B-00C04F79EFBC}") = "aoc.day04.tests", "2021\AoC.Day04.Tests\aoc.day04.tests.csproj", "{45C80160-004F-4684-9602-EDE3A41038BD}"
EndProject
Global
	GlobalSection(SolutionConfigurationPlatforms) = preSolution
		Debug|Any CPU = Debug|Any CPU
		Release|Any CPU = Release|Any CPU
	EndGlobalSection
	GlobalSection(ProjectConfigurationPlatforms) = postSolution
		{6C3107C2-94F8-4E18-A1B4-5D7FFA009DE6}.Debug|Any CPU.ActiveCfg = Debug|Any CPU
		{6C3107C2-94F8-4E18-A1B4-5D7FFA009DE6}.Debug|Any CPU.Build.0 = Debug|Any CPU
		{6C3107C2-94F8-4E18-A1B4-5D7FFA009DE6}.Release|Any CPU.ActiveCfg = Release|Any CPU
		{6C3107C2-94F8-4E18-A1B4-5D7FFA009DE6}.Release|Any CPU.Build.0 = Release|Any CPU
		{1BABBFA8-5739-42D0-BB9C-945D53FCC1E7}.Debug|Any CPU.ActiveCfg = Debug|Any CPU
		{1BABBFA8-5739-42D0-BB9C-945D53FCC1E7}.Debug|Any CPU.Build.0 = Debug|Any CPU
		{1BABBFA8-5739-42D0-BB9C-945D53FCC1E7}.Release|Any CPU.ActiveCfg = Release|Any CPU
		{1BABBFA8-5739-42D0-BB9C-945D53FCC1E7}.Release|Any CPU.Build.0 = Release|Any CPU
		{EDF12C3C-C864-4224-835F-5219044DBC3E}.Debug|Any CPU.ActiveCfg = Debug|Any CPU
		{EDF12C3C-C864-4224-835F-5219044DBC3E}.Debug|Any CPU.Build.0 = Debug|Any CPU
		{EDF12C3C-C864-4224-835F-5219044DBC3E}.Release|Any CPU.ActiveCfg = Release|Any CPU
		{EDF12C3C-C864-4224-835F-5219044DBC3E}.Release|Any CPU.Build.0 = Release|Any CPU
		{53E760B7-8225-4EAE-AAA4-75E119A1D835}.Debug|Any CPU.ActiveCfg = Debug|Any CPU
		{53E760B7-8225-4EAE-AAA4-75E119A1D835}.Debug|Any CPU.Build.0 = Debug|Any CPU
		{53E760B7-8225-4EAE-AAA4-75E119A1D835}.Release|Any CPU.ActiveCfg = Release|Any CPU
		{53E760B7-8225-4EAE-AAA4-75E119A1D835}.Release|Any CPU.Build.0 = Release|Any CPU
		{D8ECCC8A-3659-40C7-A598-E976D158FB39}.Debug|Any CPU.ActiveCfg = Debug|Any CPU
		{D8ECCC8A-3659-40C7-A598-E976D158FB39}.Debug|Any CPU.Build.0 = Debug|Any CPU
		{D8ECCC8A-3659-40C7-A598-E976D158FB39}.Release|Any CPU.ActiveCfg = Release|Any CPU
		{D8ECCC8A-3659-40C7-A598-E976D158FB39}.Release|Any CPU.Build.0 = Release|Any CPU
		{149B7048-3374-459D-94DB-104DABEC2485}.Debug|Any CPU.ActiveCfg = Debug|Any CPU
		{149B7048-3374-459D-94DB-104DABEC2485}.Debug|Any CPU.Build.0 = Debug|Any CPU
		{149B7048-3374-459D-94DB-104DABEC2485}.Release|Any CPU.ActiveCfg = Release|Any CPU
		{149B7048-3374-459D-94DB-104DABEC2485}.Release|Any CPU.Build.0 = Release|Any CPU
		{5085B159-27B8-4100-BB42-E0C167B2B487}.Debug|Any CPU.ActiveCfg = Debug|Any CPU
		{5085B159-27B8-4100-BB42-E0C167B2B487}.Debug|Any CPU.Build.0 = Debug|Any CPU
		{5085B159-27B8-4100-BB42-E0C167B2B487}.Release|Any CPU.ActiveCfg = Release|Any CPU
		{5085B159-27B8-4100-BB42-E0C167B2B487}.Release|Any CPU.Build.0 = Release|Any CPU
		{1F142E5C-CC93-47FA-BC35-E56AE98D5746}.Debug|Any CPU.ActiveCfg = Debug|Any CPU
		{1F142E5C-CC93-47FA-BC35-E56AE98D5746}.Debug|Any CPU.Build.0 = Debug|Any CPU
		{1F142E5C-CC93-47FA-BC35-E56AE98D5746}.Release|Any CPU.ActiveCfg = Release|Any CPU
		{1F142E5C-CC93-47FA-BC35-E56AE98D5746}.Release|Any CPU.Build.0 = Release|Any CPU
		{45C80160-004F-4684-9602-EDE3A41038BD}.Debug|Any CPU.ActiveCfg = Debug|Any CPU
		{45C80160-004F-4684-9602-EDE3A41038BD}.Debug|Any CPU.Build.0 = Debug|Any CPU
		{45C80160-004F-4684-9602-EDE3A41038BD}.Release|Any CPU.ActiveCfg = Release|Any CPU
		{45C80160-004F-4684-9602-EDE3A41038BD}.Release|Any CPU.Build.0 = Release|Any CPU
	EndGlobalSection
EndGlobal
