
Microsoft Visual Studio Solution File, Format Version 12.00
# Visual Studio Version 17
VisualStudioVersion = 17.0.31903.59
MinimumVisualStudioVersion = 10.0.40219.1
Project("{FAE04EC0-301F-11D3-BF4B-00C04F79EFBC}") = "AoC.Console", "..\AoC.Console\AoC.Console.csproj", "{C1F90F1F-DE41-4C32-B449-76E9EA8B7263}"
EndProject
Project("{FAE04EC0-301F-11D3-BF4B-00C04F79EFBC}") = "aoc2020.day01", "aoc2020.day01\aoc2020.day01.csproj", "{28C0B0C5-A143-4703-8219-043F466DFC12}"
EndProject
Project("{FAE04EC0-301F-11D3-BF4B-00C04F79EFBC}") = "aoc2020.day01.tests", "aoc2020.day01.tests\aoc2020.day01.tests.csproj", "{FDBD14F0-EAF6-448A-870A-C268A922E14A}"
EndProject
Project("{FAE04EC0-301F-11D3-BF4B-00C04F79EFBC}") = "aoc2020.day02", "aoc2020.day02\aoc2020.day02.csproj", "{35326B9A-6619-43A5-9296-1FEACA07C7C3}"
EndProject
Project("{FAE04EC0-301F-11D3-BF4B-00C04F79EFBC}") = "aoc2020.day02.tests", "aoc2020.day02.tests\aoc2020.day02.tests.csproj", "{64A54F94-D921-42D8-839A-26B649DEBD86}"
EndProject
Project("{FAE04EC0-301F-11D3-BF4B-00C04F79EFBC}") = "aoc2020.day03", "aoc2020.day03\aoc2020.day03.csproj", "{828E6A71-49CE-4584-B5A4-CC12BCBBE26D}"
EndProject
Project("{FAE04EC0-301F-11D3-BF4B-00C04F79EFBC}") = "aoc2020.day03.tests", "aoc2020.day03.tests\aoc2020.day03.tests.csproj", "{4AB7D906-1146-426E-81AC-055FEE9D18BC}"
EndProject
Global
	GlobalSection(SolutionConfigurationPlatforms) = preSolution
		Debug|Any CPU = Debug|Any CPU
		Release|Any CPU = Release|Any CPU
	EndGlobalSection
	GlobalSection(SolutionProperties) = preSolution
		HideSolutionNode = FALSE
	EndGlobalSection
	GlobalSection(ProjectConfigurationPlatforms) = postSolution
		{C1F90F1F-DE41-4C32-B449-76E9EA8B7263}.Debug|Any CPU.ActiveCfg = Debug|Any CPU
		{C1F90F1F-DE41-4C32-B449-76E9EA8B7263}.Debug|Any CPU.Build.0 = Debug|Any CPU
		{C1F90F1F-DE41-4C32-B449-76E9EA8B7263}.Release|Any CPU.ActiveCfg = Release|Any CPU
		{C1F90F1F-DE41-4C32-B449-76E9EA8B7263}.Release|Any CPU.Build.0 = Release|Any CPU
		{28C0B0C5-A143-4703-8219-043F466DFC12}.Debug|Any CPU.ActiveCfg = Debug|Any CPU
		{28C0B0C5-A143-4703-8219-043F466DFC12}.Debug|Any CPU.Build.0 = Debug|Any CPU
		{28C0B0C5-A143-4703-8219-043F466DFC12}.Release|Any CPU.ActiveCfg = Release|Any CPU
		{28C0B0C5-A143-4703-8219-043F466DFC12}.Release|Any CPU.Build.0 = Release|Any CPU
		{FDBD14F0-EAF6-448A-870A-C268A922E14A}.Debug|Any CPU.ActiveCfg = Debug|Any CPU
		{FDBD14F0-EAF6-448A-870A-C268A922E14A}.Debug|Any CPU.Build.0 = Debug|Any CPU
		{FDBD14F0-EAF6-448A-870A-C268A922E14A}.Release|Any CPU.ActiveCfg = Release|Any CPU
		{FDBD14F0-EAF6-448A-870A-C268A922E14A}.Release|Any CPU.Build.0 = Release|Any CPU
		{35326B9A-6619-43A5-9296-1FEACA07C7C3}.Debug|Any CPU.ActiveCfg = Debug|Any CPU
		{35326B9A-6619-43A5-9296-1FEACA07C7C3}.Debug|Any CPU.Build.0 = Debug|Any CPU
		{35326B9A-6619-43A5-9296-1FEACA07C7C3}.Release|Any CPU.ActiveCfg = Release|Any CPU
		{35326B9A-6619-43A5-9296-1FEACA07C7C3}.Release|Any CPU.Build.0 = Release|Any CPU
		{64A54F94-D921-42D8-839A-26B649DEBD86}.Debug|Any CPU.ActiveCfg = Debug|Any CPU
		{64A54F94-D921-42D8-839A-26B649DEBD86}.Debug|Any CPU.Build.0 = Debug|Any CPU
		{64A54F94-D921-42D8-839A-26B649DEBD86}.Release|Any CPU.ActiveCfg = Release|Any CPU
		{64A54F94-D921-42D8-839A-26B649DEBD86}.Release|Any CPU.Build.0 = Release|Any CPU
		{828E6A71-49CE-4584-B5A4-CC12BCBBE26D}.Debug|Any CPU.ActiveCfg = Debug|Any CPU
		{828E6A71-49CE-4584-B5A4-CC12BCBBE26D}.Debug|Any CPU.Build.0 = Debug|Any CPU
		{828E6A71-49CE-4584-B5A4-CC12BCBBE26D}.Release|Any CPU.ActiveCfg = Release|Any CPU
		{828E6A71-49CE-4584-B5A4-CC12BCBBE26D}.Release|Any CPU.Build.0 = Release|Any CPU
		{4AB7D906-1146-426E-81AC-055FEE9D18BC}.Debug|Any CPU.ActiveCfg = Debug|Any CPU
		{4AB7D906-1146-426E-81AC-055FEE9D18BC}.Debug|Any CPU.Build.0 = Debug|Any CPU
		{4AB7D906-1146-426E-81AC-055FEE9D18BC}.Release|Any CPU.ActiveCfg = Release|Any CPU
		{4AB7D906-1146-426E-81AC-055FEE9D18BC}.Release|Any CPU.Build.0 = Release|Any CPU
	EndGlobalSection
EndGlobal
