
Microsoft Visual Studio Solution File, Format Version 12.00
# Visual Studio Version 17
VisualStudioVersion = 17.0.31903.59
MinimumVisualStudioVersion = 10.0.40219.1
Project("{FAE04EC0-301F-11D3-BF4B-00C04F79EFBC}") = "aoc.2022.day01", "aoc.2022.day01\aoc.2022.day01.csproj", "{CB335F30-D9B6-458B-99F6-B52A2F37A757}"
EndProject
Project("{FAE04EC0-301F-11D3-BF4B-00C04F79EFBC}") = "aoc.2022.day01.tests", "aoc.2022.day01.tests\aoc.2022.day01.tests.csproj", "{69DDF0B7-4E56-48A0-A06C-C39760197205}"
EndProject
Project("{FAE04EC0-301F-11D3-BF4B-00C04F79EFBC}") = "AoC.Console", "..\AoC.Console\AoC.Console.csproj", "{C7918005-5191-47D9-9540-295384093CEE}"
EndProject
Project("{FAE04EC0-301F-11D3-BF4B-00C04F79EFBC}") = "aoc.2022.day02", "aoc.2022.day02\aoc.2022.day02.csproj", "{2246DE52-DD5B-48A9-8EBA-19FA126D59C8}"
EndProject
Project("{FAE04EC0-301F-11D3-BF4B-00C04F79EFBC}") = "aoc.2022.day02.tests", "aoc.2022.day02.tests\aoc.2022.day02.tests.csproj", "{73101B8A-11DF-4C10-AEB4-3CEAA0D4D639}"
EndProject
Project("{FAE04EC0-301F-11D3-BF4B-00C04F79EFBC}") = "aoc.2022.day03", "aoc.2022.day03\aoc.2022.day03.csproj", "{F30C70AF-696A-4DD7-AD24-D50FF9E915F5}"
EndProject
Project("{FAE04EC0-301F-11D3-BF4B-00C04F79EFBC}") = "aoc.2022.day03.tests", "aoc.2022.day03.tests\aoc.2022.day03.tests.csproj", "{A8CFA65F-CC48-435A-9A35-1BC31148690C}"
EndProject
Project("{FAE04EC0-301F-11D3-BF4B-00C04F79EFBC}") = "aoc.2022.day04", "aoc.2022.day04\aoc.2022.day04.csproj", "{0048CD70-7D3F-4783-A02C-17BFDDA61A6D}"
EndProject
Project("{FAE04EC0-301F-11D3-BF4B-00C04F79EFBC}") = "aoc.2022.day04.tests", "aoc.2022.day04.tests\aoc.2022.day04.tests.csproj", "{B44884ED-3282-4382-AA0D-473585F37D99}"
EndProject
Project("{FAE04EC0-301F-11D3-BF4B-00C04F79EFBC}") = "aoc2022.day05", "aoc2022.day05\aoc2022.day05.csproj", "{2926D917-888C-4AE5-A8E7-E4FEF09E7FDB}"
EndProject
Project("{FAE04EC0-301F-11D3-BF4B-00C04F79EFBC}") = "aoc2022.day05.tests", "aoc2022.day05.tests\aoc2022.day05.tests.csproj", "{566C2C08-174F-4D7F-A669-C23A121C53A4}"
EndProject
Project("{FAE04EC0-301F-11D3-BF4B-00C04F79EFBC}") = "aoc2022.day06", "aoc2022.day06\aoc2022.day06.csproj", "{0D105473-055E-49D0-AAC2-98DC15F5D76E}"
EndProject
Project("{FAE04EC0-301F-11D3-BF4B-00C04F79EFBC}") = "aoc2022.day06.tests", "aoc2022.day06.tests\aoc2022.day06.tests.csproj", "{0AA2F420-C0DD-4F41-9E23-040849AB67A4}"
EndProject
Project("{FAE04EC0-301F-11D3-BF4B-00C04F79EFBC}") = "aoc2022.day07", "aoc2022.day07\aoc2022.day07.csproj", "{D67F5F1B-B611-4FE0-9CC2-4DD4DEE96664}"
EndProject
Project("{FAE04EC0-301F-11D3-BF4B-00C04F79EFBC}") = "aoc2022.day07.tests", "aoc2022.day07.tests\aoc2022.day07.tests.csproj", "{52599EFA-1A76-4431-A00A-88989A8741D6}"
EndProject
Project("{FAE04EC0-301F-11D3-BF4B-00C04F79EFBC}") = "aoc2022.day08", "aoc2022.day08\aoc2022.day08.csproj", "{C8676B9F-A177-4503-AB64-10DCB69F18E6}"
EndProject
Project("{FAE04EC0-301F-11D3-BF4B-00C04F79EFBC}") = "aoc2022.day08.tests", "aoc2022.day08.tests\aoc2022.day08.tests.csproj", "{0F5DE9A8-5696-4BAA-A4F8-0EBF567A5DD0}"
EndProject
Project("{FAE04EC0-301F-11D3-BF4B-00C04F79EFBC}") = "aoc2022.day09", "aoc2022.day09\aoc2022.day09.csproj", "{0E7152CE-9BC4-4108-ACBE-E18712D70E9F}"
EndProject
Project("{FAE04EC0-301F-11D3-BF4B-00C04F79EFBC}") = "aoc2022.day09.tests", "aoc2022.day09.tests\aoc2022.day09.tests.csproj", "{35B0A7B6-E85B-4486-A93F-92F5D532A6CB}"
EndProject
Project("{FAE04EC0-301F-11D3-BF4B-00C04F79EFBC}") = "aoc2022.day10", "aoc2022.day10\aoc2022.day10.csproj", "{3750B5F0-6DF2-4CD0-A6AE-A52E67DB7D69}"
EndProject
Project("{FAE04EC0-301F-11D3-BF4B-00C04F79EFBC}") = "aoc2022.day10.tests", "aoc2022.day10.tests\aoc2022.day10.tests.csproj", "{B962C87E-0948-4888-A7F6-904B7711F23A}"
EndProject
Project("{FAE04EC0-301F-11D3-BF4B-00C04F79EFBC}") = "aoc2022.day11", "aoc2022.day11\aoc2022.day11.csproj", "{37C2B0FB-103E-4D5E-B2D8-43EA1CDDC97B}"
EndProject
Project("{FAE04EC0-301F-11D3-BF4B-00C04F79EFBC}") = "aoc2022.day11.tests", "aoc2022.day11.tests\aoc2022.day11.tests.csproj", "{E67589D1-699A-4E03-A8CF-A0F1A8ED5742}"
EndProject
Global
	GlobalSection(SolutionConfigurationPlatforms) = preSolution
		Debug|Any CPU = Debug|Any CPU
		Release|Any CPU = Release|Any CPU
	EndGlobalSection
	GlobalSection(SolutionProperties) = preSolution
		HideSolutionNode = FALSE
	EndGlobalSection
	GlobalSection(ProjectConfigurationPlatforms) = postSolution
		{CB335F30-D9B6-458B-99F6-B52A2F37A757}.Debug|Any CPU.ActiveCfg = Debug|Any CPU
		{CB335F30-D9B6-458B-99F6-B52A2F37A757}.Debug|Any CPU.Build.0 = Debug|Any CPU
		{CB335F30-D9B6-458B-99F6-B52A2F37A757}.Release|Any CPU.ActiveCfg = Release|Any CPU
		{CB335F30-D9B6-458B-99F6-B52A2F37A757}.Release|Any CPU.Build.0 = Release|Any CPU
		{69DDF0B7-4E56-48A0-A06C-C39760197205}.Debug|Any CPU.ActiveCfg = Debug|Any CPU
		{69DDF0B7-4E56-48A0-A06C-C39760197205}.Debug|Any CPU.Build.0 = Debug|Any CPU
		{69DDF0B7-4E56-48A0-A06C-C39760197205}.Release|Any CPU.ActiveCfg = Release|Any CPU
		{69DDF0B7-4E56-48A0-A06C-C39760197205}.Release|Any CPU.Build.0 = Release|Any CPU
		{C7918005-5191-47D9-9540-295384093CEE}.Debug|Any CPU.ActiveCfg = Debug|Any CPU
		{C7918005-5191-47D9-9540-295384093CEE}.Debug|Any CPU.Build.0 = Debug|Any CPU
		{C7918005-5191-47D9-9540-295384093CEE}.Release|Any CPU.ActiveCfg = Release|Any CPU
		{C7918005-5191-47D9-9540-295384093CEE}.Release|Any CPU.Build.0 = Release|Any CPU
		{2246DE52-DD5B-48A9-8EBA-19FA126D59C8}.Debug|Any CPU.ActiveCfg = Debug|Any CPU
		{2246DE52-DD5B-48A9-8EBA-19FA126D59C8}.Debug|Any CPU.Build.0 = Debug|Any CPU
		{2246DE52-DD5B-48A9-8EBA-19FA126D59C8}.Release|Any CPU.ActiveCfg = Release|Any CPU
		{2246DE52-DD5B-48A9-8EBA-19FA126D59C8}.Release|Any CPU.Build.0 = Release|Any CPU
		{73101B8A-11DF-4C10-AEB4-3CEAA0D4D639}.Debug|Any CPU.ActiveCfg = Debug|Any CPU
		{73101B8A-11DF-4C10-AEB4-3CEAA0D4D639}.Debug|Any CPU.Build.0 = Debug|Any CPU
		{73101B8A-11DF-4C10-AEB4-3CEAA0D4D639}.Release|Any CPU.ActiveCfg = Release|Any CPU
		{73101B8A-11DF-4C10-AEB4-3CEAA0D4D639}.Release|Any CPU.Build.0 = Release|Any CPU
		{F30C70AF-696A-4DD7-AD24-D50FF9E915F5}.Debug|Any CPU.ActiveCfg = Debug|Any CPU
		{F30C70AF-696A-4DD7-AD24-D50FF9E915F5}.Debug|Any CPU.Build.0 = Debug|Any CPU
		{F30C70AF-696A-4DD7-AD24-D50FF9E915F5}.Release|Any CPU.ActiveCfg = Release|Any CPU
		{F30C70AF-696A-4DD7-AD24-D50FF9E915F5}.Release|Any CPU.Build.0 = Release|Any CPU
		{A8CFA65F-CC48-435A-9A35-1BC31148690C}.Debug|Any CPU.ActiveCfg = Debug|Any CPU
		{A8CFA65F-CC48-435A-9A35-1BC31148690C}.Debug|Any CPU.Build.0 = Debug|Any CPU
		{A8CFA65F-CC48-435A-9A35-1BC31148690C}.Release|Any CPU.ActiveCfg = Release|Any CPU
		{A8CFA65F-CC48-435A-9A35-1BC31148690C}.Release|Any CPU.Build.0 = Release|Any CPU
		{0048CD70-7D3F-4783-A02C-17BFDDA61A6D}.Debug|Any CPU.ActiveCfg = Debug|Any CPU
		{0048CD70-7D3F-4783-A02C-17BFDDA61A6D}.Debug|Any CPU.Build.0 = Debug|Any CPU
		{0048CD70-7D3F-4783-A02C-17BFDDA61A6D}.Release|Any CPU.ActiveCfg = Release|Any CPU
		{0048CD70-7D3F-4783-A02C-17BFDDA61A6D}.Release|Any CPU.Build.0 = Release|Any CPU
		{B44884ED-3282-4382-AA0D-473585F37D99}.Debug|Any CPU.ActiveCfg = Debug|Any CPU
		{B44884ED-3282-4382-AA0D-473585F37D99}.Debug|Any CPU.Build.0 = Debug|Any CPU
		{B44884ED-3282-4382-AA0D-473585F37D99}.Release|Any CPU.ActiveCfg = Release|Any CPU
		{B44884ED-3282-4382-AA0D-473585F37D99}.Release|Any CPU.Build.0 = Release|Any CPU
		{2926D917-888C-4AE5-A8E7-E4FEF09E7FDB}.Debug|Any CPU.ActiveCfg = Debug|Any CPU
		{2926D917-888C-4AE5-A8E7-E4FEF09E7FDB}.Debug|Any CPU.Build.0 = Debug|Any CPU
		{2926D917-888C-4AE5-A8E7-E4FEF09E7FDB}.Release|Any CPU.ActiveCfg = Release|Any CPU
		{2926D917-888C-4AE5-A8E7-E4FEF09E7FDB}.Release|Any CPU.Build.0 = Release|Any CPU
		{566C2C08-174F-4D7F-A669-C23A121C53A4}.Debug|Any CPU.ActiveCfg = Debug|Any CPU
		{566C2C08-174F-4D7F-A669-C23A121C53A4}.Debug|Any CPU.Build.0 = Debug|Any CPU
		{566C2C08-174F-4D7F-A669-C23A121C53A4}.Release|Any CPU.ActiveCfg = Release|Any CPU
		{566C2C08-174F-4D7F-A669-C23A121C53A4}.Release|Any CPU.Build.0 = Release|Any CPU
		{0D105473-055E-49D0-AAC2-98DC15F5D76E}.Debug|Any CPU.ActiveCfg = Debug|Any CPU
		{0D105473-055E-49D0-AAC2-98DC15F5D76E}.Debug|Any CPU.Build.0 = Debug|Any CPU
		{0D105473-055E-49D0-AAC2-98DC15F5D76E}.Release|Any CPU.ActiveCfg = Release|Any CPU
		{0D105473-055E-49D0-AAC2-98DC15F5D76E}.Release|Any CPU.Build.0 = Release|Any CPU
		{0AA2F420-C0DD-4F41-9E23-040849AB67A4}.Debug|Any CPU.ActiveCfg = Debug|Any CPU
		{0AA2F420-C0DD-4F41-9E23-040849AB67A4}.Debug|Any CPU.Build.0 = Debug|Any CPU
		{0AA2F420-C0DD-4F41-9E23-040849AB67A4}.Release|Any CPU.ActiveCfg = Release|Any CPU
		{0AA2F420-C0DD-4F41-9E23-040849AB67A4}.Release|Any CPU.Build.0 = Release|Any CPU
		{D67F5F1B-B611-4FE0-9CC2-4DD4DEE96664}.Debug|Any CPU.ActiveCfg = Debug|Any CPU
		{D67F5F1B-B611-4FE0-9CC2-4DD4DEE96664}.Debug|Any CPU.Build.0 = Debug|Any CPU
		{D67F5F1B-B611-4FE0-9CC2-4DD4DEE96664}.Release|Any CPU.ActiveCfg = Release|Any CPU
		{D67F5F1B-B611-4FE0-9CC2-4DD4DEE96664}.Release|Any CPU.Build.0 = Release|Any CPU
		{52599EFA-1A76-4431-A00A-88989A8741D6}.Debug|Any CPU.ActiveCfg = Debug|Any CPU
		{52599EFA-1A76-4431-A00A-88989A8741D6}.Debug|Any CPU.Build.0 = Debug|Any CPU
		{52599EFA-1A76-4431-A00A-88989A8741D6}.Release|Any CPU.ActiveCfg = Release|Any CPU
		{52599EFA-1A76-4431-A00A-88989A8741D6}.Release|Any CPU.Build.0 = Release|Any CPU
		{C8676B9F-A177-4503-AB64-10DCB69F18E6}.Debug|Any CPU.ActiveCfg = Debug|Any CPU
		{C8676B9F-A177-4503-AB64-10DCB69F18E6}.Debug|Any CPU.Build.0 = Debug|Any CPU
		{C8676B9F-A177-4503-AB64-10DCB69F18E6}.Release|Any CPU.ActiveCfg = Release|Any CPU
		{C8676B9F-A177-4503-AB64-10DCB69F18E6}.Release|Any CPU.Build.0 = Release|Any CPU
		{0F5DE9A8-5696-4BAA-A4F8-0EBF567A5DD0}.Debug|Any CPU.ActiveCfg = Debug|Any CPU
		{0F5DE9A8-5696-4BAA-A4F8-0EBF567A5DD0}.Debug|Any CPU.Build.0 = Debug|Any CPU
		{0F5DE9A8-5696-4BAA-A4F8-0EBF567A5DD0}.Release|Any CPU.ActiveCfg = Release|Any CPU
		{0F5DE9A8-5696-4BAA-A4F8-0EBF567A5DD0}.Release|Any CPU.Build.0 = Release|Any CPU
		{0E7152CE-9BC4-4108-ACBE-E18712D70E9F}.Debug|Any CPU.ActiveCfg = Debug|Any CPU
		{0E7152CE-9BC4-4108-ACBE-E18712D70E9F}.Debug|Any CPU.Build.0 = Debug|Any CPU
		{0E7152CE-9BC4-4108-ACBE-E18712D70E9F}.Release|Any CPU.ActiveCfg = Release|Any CPU
		{0E7152CE-9BC4-4108-ACBE-E18712D70E9F}.Release|Any CPU.Build.0 = Release|Any CPU
		{35B0A7B6-E85B-4486-A93F-92F5D532A6CB}.Debug|Any CPU.ActiveCfg = Debug|Any CPU
		{35B0A7B6-E85B-4486-A93F-92F5D532A6CB}.Debug|Any CPU.Build.0 = Debug|Any CPU
		{35B0A7B6-E85B-4486-A93F-92F5D532A6CB}.Release|Any CPU.ActiveCfg = Release|Any CPU
		{35B0A7B6-E85B-4486-A93F-92F5D532A6CB}.Release|Any CPU.Build.0 = Release|Any CPU
		{3750B5F0-6DF2-4CD0-A6AE-A52E67DB7D69}.Debug|Any CPU.ActiveCfg = Debug|Any CPU
		{3750B5F0-6DF2-4CD0-A6AE-A52E67DB7D69}.Debug|Any CPU.Build.0 = Debug|Any CPU
		{3750B5F0-6DF2-4CD0-A6AE-A52E67DB7D69}.Release|Any CPU.ActiveCfg = Release|Any CPU
		{3750B5F0-6DF2-4CD0-A6AE-A52E67DB7D69}.Release|Any CPU.Build.0 = Release|Any CPU
		{B962C87E-0948-4888-A7F6-904B7711F23A}.Debug|Any CPU.ActiveCfg = Debug|Any CPU
		{B962C87E-0948-4888-A7F6-904B7711F23A}.Debug|Any CPU.Build.0 = Debug|Any CPU
		{B962C87E-0948-4888-A7F6-904B7711F23A}.Release|Any CPU.ActiveCfg = Release|Any CPU
		{B962C87E-0948-4888-A7F6-904B7711F23A}.Release|Any CPU.Build.0 = Release|Any CPU
		{37C2B0FB-103E-4D5E-B2D8-43EA1CDDC97B}.Debug|Any CPU.ActiveCfg = Debug|Any CPU
		{37C2B0FB-103E-4D5E-B2D8-43EA1CDDC97B}.Debug|Any CPU.Build.0 = Debug|Any CPU
		{37C2B0FB-103E-4D5E-B2D8-43EA1CDDC97B}.Release|Any CPU.ActiveCfg = Release|Any CPU
		{37C2B0FB-103E-4D5E-B2D8-43EA1CDDC97B}.Release|Any CPU.Build.0 = Release|Any CPU
		{E67589D1-699A-4E03-A8CF-A0F1A8ED5742}.Debug|Any CPU.ActiveCfg = Debug|Any CPU
		{E67589D1-699A-4E03-A8CF-A0F1A8ED5742}.Debug|Any CPU.Build.0 = Debug|Any CPU
		{E67589D1-699A-4E03-A8CF-A0F1A8ED5742}.Release|Any CPU.ActiveCfg = Release|Any CPU
		{E67589D1-699A-4E03-A8CF-A0F1A8ED5742}.Release|Any CPU.Build.0 = Release|Any CPU
	EndGlobalSection
EndGlobal
